version = 1
revision = 2
requires-python = "==3.13.*"

[[package]]
name = "asttokens"
version = "2.0.8"
source = { registry = "https://pypi.org/simple" }
dependencies = [
    { name = "six" },
]
sdist = { url = "https://files.pythonhosted.org/packages/4d/c8/987ee029c83ad1cddb03bb004e9c7a8de1be4cdbda21122a0b9f639fcc31/asttokens-2.0.8.tar.gz", hash = "sha256:c61e16246ecfb2cde2958406b4c8ebc043c9e6d73aaa83c941673b35e5d3a76b", size = 55101, upload-time = "2022-08-15T10:49:52.786Z" }
wheels = [
    { url = "https://files.pythonhosted.org/packages/2d/1b/fdbdf82b86e07ca90985740ac160a1dd4ab09cb81071ec12d71c701e1138/asttokens-2.0.8-py2.py3-none-any.whl", hash = "sha256:e3305297c744ae53ffa032c45dc347286165e4ffce6875dc662b205db0623d86", size = 23463, upload-time = "2022-08-15T10:49:50.23Z" },
]

[[package]]
name = "certifi"
version = "2022.9.24"
source = { registry = "https://pypi.org/simple" }
sdist = { url = "https://files.pythonhosted.org/packages/cb/a4/7de7cd59e429bd0ee6521ba58a75adaec136d32f91a761b28a11d8088d44/certifi-2022.9.24.tar.gz", hash = "sha256:0d9c601124e5a6ba9712dbc60d9c53c21e34f5f641fe83002317394311bdce14", size = 162705, upload-time = "2022-09-24T14:26:53.672Z" }
wheels = [
    { url = "https://files.pythonhosted.org/packages/1d/38/fa96a426e0c0e68aabc68e896584b83ad1eec779265a028e156ce509630e/certifi-2022.9.24-py3-none-any.whl", hash = "sha256:90c1a32f1d68f940488354e36370f6cca89f0f106db09518524c88d6ed83f382", size = 161120, upload-time = "2022-09-24T14:26:51.522Z" },
]

[[package]]
name = "cffi"
version = "2.0.0"
source = { registry = "https://pypi.org/simple" }
dependencies = [
    { name = "pycparser", marker = "implementation_name != 'PyPy'" },
]
sdist = { url = "https://files.pythonhosted.org/packages/eb/56/b1ba7935a17738ae8453301356628e8147c79dbb825bcbc73dc7401f9846/cffi-2.0.0.tar.gz", hash = "sha256:44d1b5909021139fe36001ae048dbdde8214afa20200eda0f64c068cac5d5529", size = 523588, upload-time = "2025-09-08T23:24:04.541Z" }
wheels = [
    { url = "https://files.pythonhosted.org/packages/b0/1e/d22cc63332bd59b06481ceaac49d6c507598642e2230f201649058a7e704/cffi-2.0.0-cp313-cp313-manylinux1_i686.manylinux2014_i686.manylinux_2_17_i686.manylinux_2_5_i686.whl", hash = "sha256:07b271772c100085dd28b74fa0cd81c8fb1a3ba18b21e03d7c27f3436a10606b", size = 212446, upload-time = "2025-09-08T23:23:03.472Z" },
    { url = "https://files.pythonhosted.org/packages/a9/f5/a2c23eb03b61a0b8747f211eb716446c826ad66818ddc7810cc2cc19b3f2/cffi-2.0.0-cp313-cp313-manylinux2014_aarch64.manylinux_2_17_aarch64.whl", hash = "sha256:d48a880098c96020b02d5a1f7d9251308510ce8858940e6fa99ece33f610838b", size = 220101, upload-time = "2025-09-08T23:23:04.792Z" },
    { url = "https://files.pythonhosted.org/packages/f2/7f/e6647792fc5850d634695bc0e6ab4111ae88e89981d35ac269956605feba/cffi-2.0.0-cp313-cp313-manylinux2014_ppc64le.manylinux_2_17_ppc64le.whl", hash = "sha256:f93fd8e5c8c0a4aa1f424d6173f14a892044054871c771f8566e4008eaa359d2", size = 207948, upload-time = "2025-09-08T23:23:06.127Z" },
    { url = "https://files.pythonhosted.org/packages/cb/1e/a5a1bd6f1fb30f22573f76533de12a00bf274abcdc55c8edab639078abb6/cffi-2.0.0-cp313-cp313-manylinux2014_s390x.manylinux_2_17_s390x.whl", hash = "sha256:dd4f05f54a52fb558f1ba9f528228066954fee3ebe629fc1660d874d040ae5a3", size = 206422, upload-time = "2025-09-08T23:23:07.753Z" },
    { url = "https://files.pythonhosted.org/packages/98/df/0a1755e750013a2081e863e7cd37e0cdd02664372c754e5560099eb7aa44/cffi-2.0.0-cp313-cp313-manylinux2014_x86_64.manylinux_2_17_x86_64.whl", hash = "sha256:c8d3b5532fc71b7a77c09192b4a5a200ea992702734a2e9279a37f2478236f26", size = 219499, upload-time = "2025-09-08T23:23:09.648Z" },
    { url = "https://files.pythonhosted.org/packages/50/e1/a969e687fcf9ea58e6e2a928ad5e2dd88cc12f6f0ab477e9971f2309b57c/cffi-2.0.0-cp313-cp313-musllinux_1_2_aarch64.whl", hash = "sha256:d9b29c1f0ae438d5ee9acb31cadee00a58c46cc9c0b2f9038c6b0b3470877a8c", size = 222928, upload-time = "2025-09-08T23:23:10.928Z" },
    { url = "https://files.pythonhosted.org/packages/36/54/0362578dd2c9e557a28ac77698ed67323ed5b9775ca9d3fe73fe191bb5d8/cffi-2.0.0-cp313-cp313-musllinux_1_2_x86_64.whl", hash = "sha256:6d50360be4546678fc1b79ffe7a66265e28667840010348dd69a314145807a1b", size = 221302, upload-time = "2025-09-08T23:23:12.42Z" },
]

[[package]]
name = "charset-normalizer"
version = "2.1.1"
source = { registry = "https://pypi.org/simple" }
sdist = { url = "https://files.pythonhosted.org/packages/a1/34/44964211e5410b051e4b8d2869c470ae8a68ae274953b1c7de6d98bbcf94/charset-normalizer-2.1.1.tar.gz", hash = "sha256:5a3d016c7c547f69d6f81fb0db9449ce888b418b5b9952cc5e6e66843e9dd845", size = 82360, upload-time = "2022-08-19T22:13:48.372Z" }
wheels = [
    { url = "https://files.pythonhosted.org/packages/db/51/a507c856293ab05cdc1db77ff4bc1268ddd39f29e7dc4919aa497f0adbec/charset_normalizer-2.1.1-py3-none-any.whl", hash = "sha256:83e9a75d1911279afd89352c68b45348559d1fc0506b054b346651b5e7fee29f", size = 39748, upload-time = "2022-08-19T22:13:46.702Z" },
]

[[package]]
name = "colorama"
version = "0.4.5"
source = { registry = "https://pypi.org/simple" }
sdist = { url = "https://files.pythonhosted.org/packages/2b/65/24d033a9325ce42ccbfa3ca2d0866c7e89cc68e5b9d92ecaba9feef631df/colorama-0.4.5.tar.gz", hash = "sha256:e6c6b4334fc50988a639d9b98aa429a0b57da6e17b9a44f0451f930b6967b7a4", size = 27469, upload-time = "2022-06-16T12:34:47.78Z" }
wheels = [
    { url = "https://files.pythonhosted.org/packages/77/8b/7550e87b2d308a1b711725dfaddc19c695f8c5fa413c640b2be01662f4e6/colorama-0.4.5-py2.py3-none-any.whl", hash = "sha256:854bf444933e37f5824ae7bfc1e98d5bce2ebe4160d46b5edf346a89358e99da", size = 16204, upload-time = "2022-06-16T12:34:45.998Z" },
]

[[package]]
name = "cryptography"
version = "46.0.3"
source = { registry = "https://pypi.org/simple" }
dependencies = [
    { name = "cffi", marker = "platform_python_implementation != 'PyPy'" },
]
sdist = { url = "https://files.pythonhosted.org/packages/9f/33/c00162f49c0e2fe8064a62cb92b93e50c74a72bc370ab92f86112b33ff62/cryptography-46.0.3.tar.gz", hash = "sha256:a8b17438104fed022ce745b362294d9ce35b4c2e45c1d958ad4a4b019285f4a1", size = 749258, upload-time = "2025-10-15T23:18:31.74Z" }
wheels = [
    { url = "https://files.pythonhosted.org/packages/1c/67/38769ca6b65f07461eb200e85fc1639b438bdc667be02cf7f2cd6a64601c/cryptography-46.0.3-cp311-abi3-manylinux2014_aarch64.manylinux_2_17_aarch64.whl", hash = "sha256:09859af8466b69bc3c27bdf4f5d84a665e0f7ab5088412e9e2ec49758eca5cbc", size = 4296667, upload-time = "2025-10-15T23:16:54.369Z" },
    { url = "https://files.pythonhosted.org/packages/5c/49/498c86566a1d80e978b42f0d702795f69887005548c041636df6ae1ca64c/cryptography-46.0.3-cp311-abi3-manylinux2014_x86_64.manylinux_2_17_x86_64.whl", hash = "sha256:01ca9ff2885f3acc98c29f1860552e37f6d7c7d013d7334ff2a9de43a449315d", size = 4450807, upload-time = "2025-10-15T23:16:56.414Z" },
    { url = "https://files.pythonhosted.org/packages/4b/0a/863a3604112174c8624a2ac3c038662d9e59970c7f926acdcfaed8d61142/cryptography-46.0.3-cp311-abi3-manylinux_2_28_aarch64.whl", hash = "sha256:6eae65d4c3d33da080cff9c4ab1f711b15c1d9760809dad6ea763f3812d254cb", size = 4299615, upload-time = "2025-10-15T23:16:58.442Z" },
    { url = "https://files.pythonhosted.org/packages/64/02/b73a533f6b64a69f3cd3872acb6ebc12aef924d8d103133bb3ea750dc703/cryptography-46.0.3-cp311-abi3-manylinux_2_28_armv7l.manylinux_2_31_armv7l.whl", hash = "sha256:e5bf0ed4490068a2e72ac03d786693adeb909981cc596425d09032d372bcc849", size = 4016800, upload-time = "2025-10-15T23:17:00.378Z" },
    { url = "https://files.pythonhosted.org/packages/25/d5/16e41afbfa450cde85a3b7ec599bebefaef16b5c6ba4ec49a3532336ed72/cryptography-46.0.3-cp311-abi3-manylinux_2_28_ppc64le.whl", hash = "sha256:5ecfccd2329e37e9b7112a888e76d9feca2347f12f37918facbb893d7bb88ee8", size = 4984707, upload-time = "2025-10-15T23:17:01.98Z" },
    { url = "https://files.pythonhosted.org/packages/c9/56/e7e69b427c3878352c2fb9b450bd0e19ed552753491d39d7d0a2f5226d41/cryptography-46.0.3-cp311-abi3-manylinux_2_28_x86_64.whl", hash = "sha256:a2c0cd47381a3229c403062f764160d57d4d175e022c1df84e168c6251a22eec", size = 4482541, upload-time = "2025-10-15T23:17:04.078Z" },
    { url = "https://files.pythonhosted.org/packages/78/f6/50736d40d97e8483172f1bb6e698895b92a223dba513b0ca6f06b2365339/cryptography-46.0.3-cp311-abi3-manylinux_2_34_aarch64.whl", hash = "sha256:549e234ff32571b1f4076ac269fcce7a808d3bf98b76c8dd560e42dbc66d7d91", size = 4299464, upload-time = "2025-10-15T23:17:05.483Z" },
    { url = "https://files.pythonhosted.org/packages/00/de/d8e26b1a855f19d9994a19c702fa2e93b0456beccbcfe437eda00e0701f2/cryptography-46.0.3-cp311-abi3-manylinux_2_34_ppc64le.whl", hash = "sha256:c0a7bb1a68a5d3471880e264621346c48665b3bf1c3759d682fc0864c540bd9e", size = 4950838, upload-time = "2025-10-15T23:17:07.425Z" },
    { url = "https://files.pythonhosted.org/packages/8f/29/798fc4ec461a1c9e9f735f2fc58741b0daae30688f41b2497dcbc9ed1355/cryptography-46.0.3-cp311-abi3-manylinux_2_34_x86_64.whl", hash = "sha256:10b01676fc208c3e6feeb25a8b83d81767e8059e1fe86e1dc62d10a3018fa926", size = 4481596, upload-time = "2025-10-15T23:17:09.343Z" },
    { url = "https://files.pythonhosted.org/packages/15/8d/03cd48b20a573adfff7652b76271078e3045b9f49387920e7f1f631d125e/cryptography-46.0.3-cp311-abi3-musllinux_1_2_aarch64.whl", hash = "sha256:0abf1ffd6e57c67e92af68330d05760b7b7efb243aab8377e583284dbab72c71", size = 4426782, upload-time = "2025-10-15T23:17:11.22Z" },
    { url = "https://files.pythonhosted.org/packages/fa/b1/ebacbfe53317d55cf33165bda24c86523497a6881f339f9aae5c2e13e57b/cryptography-46.0.3-cp311-abi3-musllinux_1_2_x86_64.whl", hash = "sha256:a04bee9ab6a4da801eb9b51f1b708a1b5b5c9eb48c03f74198464c66f0d344ac", size = 4698381, upload-time = "2025-10-15T23:17:12.829Z" },
    { url = "https://files.pythonhosted.org/packages/27/32/b68d27471372737054cbd34c84981f9edbc24fe67ca225d389799614e27f/cryptography-46.0.3-cp38-abi3-manylinux2014_aarch64.manylinux_2_17_aarch64.whl", hash = "sha256:4b7387121ac7d15e550f5cb4a43aef2559ed759c35df7336c402bb8275ac9683", size = 4294089, upload-time = "2025-10-15T23:17:48.269Z" },
    { url = "https://files.pythonhosted.org/packages/26/42/fa8389d4478368743e24e61eea78846a0006caffaf72ea24a15159215a14/cryptography-46.0.3-cp38-abi3-manylinux2014_x86_64.manylinux_2_17_x86_64.whl", hash = "sha256:15ab9b093e8f09daab0f2159bb7e47532596075139dd74365da52ecc9cb46c5d", size = 4440029, upload-time = "2025-10-15T23:17:49.837Z" },
    { url = "https://files.pythonhosted.org/packages/5f/eb/f483db0ec5ac040824f269e93dd2bd8a21ecd1027e77ad7bdf6914f2fd80/cryptography-46.0.3-cp38-abi3-manylinux_2_28_aarch64.whl", hash = "sha256:46acf53b40ea38f9c6c229599a4a13f0d46a6c3fa9ef19fc1a124d62e338dfa0", size = 4297222, upload-time = "2025-10-15T23:17:51.357Z" },
    { url = "https://files.pythonhosted.org/packages/fd/cf/da9502c4e1912cb1da3807ea3618a6829bee8207456fbbeebc361ec38ba3/cryptography-46.0.3-cp38-abi3-manylinux_2_28_armv7l.manylinux_2_31_armv7l.whl", hash = "sha256:10ca84c4668d066a9878890047f03546f3ae0a6b8b39b697457b7757aaf18dbc", size = 4012280, upload-time = "2025-10-15T23:17:52.964Z" },
    { url = "https://files.pythonhosted.org/packages/6b/8f/9adb86b93330e0df8b3dcf03eae67c33ba89958fc2e03862ef1ac2b42465/cryptography-46.0.3-cp38-abi3-manylinux_2_28_ppc64le.whl", hash = "sha256:36e627112085bb3b81b19fed209c05ce2a52ee8b15d161b7c643a7d5a88491f3", size = 4978958, upload-time = "2025-10-15T23:17:54.965Z" },
    { url = "https://files.pythonhosted.org/packages/d1/a0/5fa77988289c34bdb9f913f5606ecc9ada1adb5ae870bd0d1054a7021cc4/cryptography-46.0.3-cp38-abi3-manylinux_2_28_x86_64.whl", hash = "sha256:1000713389b75c449a6e979ffc7dcc8ac90b437048766cef052d4d30b8220971", size = 4473714, upload-time = "2025-10-15T23:17:56.754Z" },
    { url = "https://files.pythonhosted.org/packages/14/e5/fc82d72a58d41c393697aa18c9abe5ae1214ff6f2a5c18ac470f92777895/cryptography-46.0.3-cp38-abi3-manylinux_2_34_aarch64.whl", hash = "sha256:b02cf04496f6576afffef5ddd04a0cb7d49cf6be16a9059d793a30b035f6b6ac", size = 4296970, upload-time = "2025-10-15T23:17:58.588Z" },
    { url = "https://files.pythonhosted.org/packages/78/06/5663ed35438d0b09056973994f1aec467492b33bd31da36e468b01ec1097/cryptography-46.0.3-cp38-abi3-manylinux_2_34_ppc64le.whl", hash = "sha256:71e842ec9bc7abf543b47cf86b9a743baa95f4677d22baa4c7d5c69e49e9bc04", size = 4940236, upload-time = "2025-10-15T23:18:00.897Z" },
    { url = "https://files.pythonhosted.org/packages/fc/59/873633f3f2dcd8a053b8dd1d38f783043b5fce589c0f6988bf55ef57e43e/cryptography-46.0.3-cp38-abi3-manylinux_2_34_x86_64.whl", hash = "sha256:402b58fc32614f00980b66d6e56a5b4118e6cb362ae8f3fda141ba4689bd4506", size = 4472642, upload-time = "2025-10-15T23:18:02.749Z" },
    { url = "https://files.pythonhosted.org/packages/3d/39/8e71f3930e40f6877737d6f69248cf74d4e34b886a3967d32f919cc50d3b/cryptography-46.0.3-cp38-abi3-musllinux_1_2_aarch64.whl", hash = "sha256:ef639cb3372f69ec44915fafcd6698b6cc78fbe0c2ea41be867f6ed612811963", size = 4423126, upload-time = "2025-10-15T23:18:04.85Z" },
    { url = "https://files.pythonhosted.org/packages/cd/c7/f65027c2810e14c3e7268353b1681932b87e5a48e65505d8cc17c99e36ae/cryptography-46.0.3-cp38-abi3-musllinux_1_2_x86_64.whl", hash = "sha256:3b51b8ca4f1c6453d8829e1eb7299499ca7f313900dd4d89a24b8b87c0a780d4", size = 4686573, upload-time = "2025-10-15T23:18:06.908Z" },
]

[[package]]
name = "executing"
version = "1.1.1"
source = { registry = "https://pypi.org/simple" }
sdist = { url = "https://files.pythonhosted.org/packages/48/5b/f636517f40fc5afb720354236cea729de30d440f06bdafb7f33ca969956c/executing-1.1.1.tar.gz", hash = "sha256:b0d7f8dcc2bac47ce6e39374397e7acecea6fdc380a6d5323e26185d70f38ea8", size = 651233, upload-time = "2022-10-08T15:36:32.615Z" }
wheels = [
    { url = "https://files.pythonhosted.org/packages/72/ac/593502a97a0bf7968a2c958a25f5f697ef738f6cd9fcc94d0d6a1493e080/executing-1.1.1-py2.py3-none-any.whl", hash = "sha256:236ea5f059a38781714a8bfba46a70fad3479c2f552abee3bbafadc57ed111b8", size = 22605, upload-time = "2022-10-08T15:36:29.512Z" },
]

[[package]]
name = "future"
version = "0.18.2"
source = { registry = "https://pypi.org/simple" }
sdist = { url = "https://files.pythonhosted.org/packages/45/0b/38b06fd9b92dc2b68d58b75f900e97884c45bedd2ff83203d933cf5851c9/future-0.18.2.tar.gz", hash = "sha256:b1bead90b70cf6ec3f0710ae53a525360fa360d306a86583adc6bf83a4db537d", size = 829220, upload-time = "2019-10-31T00:58:13.043Z" }

[[package]]
name = "gkeep-tui"
version = "0.1.0"
source = { virtual = "." }
dependencies = [
    { name = "asttokens" },
    { name = "certifi" },
    { name = "charset-normalizer" },
    { name = "colorama" },
    { name = "executing" },
    { name = "future" },
    { name = "gkeepapi" },
    { name = "gpsoauth" },
    { name = "icecream" },
    { name = "idna" },
    { name = "keyring" },
    { name = "pycryptodomex" },
    { name = "pygments" },
    { name = "python-decouple" },
    { name = "requests" },
    { name = "six" },
    { name = "urllib3" },
]

[package.metadata]
requires-dist = [
    { name = "asttokens" },
    { name = "certifi" },
    { name = "charset-normalizer" },
    { name = "colorama" },
    { name = "executing" },
    { name = "future" },
    { name = "gkeepapi", specifier = "==0.17.1" },
    { name = "gpsoauth" },
    { name = "icecream" },
    { name = "idna" },
    { name = "keyring", specifier = ">=25.7.0" },
    { name = "pycryptodomex" },
    { name = "pygments" },
    { name = "python-decouple" },
    { name = "requests" },
    { name = "six" },
    { name = "urllib3" },
]

[[package]]
name = "gkeepapi"
version = "0.17.1"
source = { registry = "https://pypi.org/simple" }
dependencies = [
    { name = "future" },
    { name = "gpsoauth" },
]
wheels = [
    { url = "https://files.pythonhosted.org/packages/88/61/f33bb386feb726ed98560ca8b69b589a95095b4090ba32dab43e62c385e9/gkeepapi-0.17.1-py3-none-any.whl", hash = "sha256:8e242bc745640c809d21eb3f95c7182ac340a8cc2b84e5d78b9d692c2c2d35dc", size = 23791, upload-time = "2026-01-05T15:38:01.785Z" },
]

[[package]]
name = "gpsoauth"
version = "2.0.0"
source = { registry = "https://pypi.org/simple" }
dependencies = [
    { name = "pycryptodomex" },
    { name = "requests" },
    { name = "urllib3" },
]
sdist = { url = "https://files.pythonhosted.org/packages/1a/6a/f4fd84bcfd513d512711a2a14039ac431201c440c29a8f76af5584a34614/gpsoauth-2.0.0.tar.gz", hash = "sha256:9e3b765a6a4e0364dec1bc4157bd3ed7e5ec3066589e285d0b46986910aa6bd2", size = 6501, upload-time = "2025-07-04T01:30:24.296Z" }
wheels = [
    { url = "https://files.pythonhosted.org/packages/fe/7a/1dc1e06235732d1a1037640ec6aabd8fc18597a909848885376f1a0cffe3/gpsoauth-2.0.0-py3-none-any.whl", hash = "sha256:fb8bf9cb8b6e6bee1dbedbbbe8958ace71cddaccf5950e79b38c4d2ae9870641", size = 7362, upload-time = "2025-07-04T01:30:23.101Z" },
]

[[package]]
name = "icecream"
version = "2.1.3"
source = { registry = "https://pypi.org/simple" }
dependencies = [
    { name = "asttokens" },
    { name = "colorama" },
    { name = "executing" },
    { name = "pygments" },
]
sdist = { url = "https://files.pythonhosted.org/packages/1c/8b/ae6ebc9fc423f9397a0982990c86f1fe94077df729ef452c9a847fb16ae6/icecream-2.1.3.tar.gz", hash = "sha256:0aa4a7c3374ec36153a1d08f81e3080e83d8ac1eefd97d2f4fe9544e8f9b49de", size = 14722, upload-time = "2022-07-21T09:18:18.823Z" }
wheels = [
    { url = "https://files.pythonhosted.org/packages/06/4e/21e309c7087695cf500a1827597f8510641f2c9a50ed7741bf7fc38736ff/icecream-2.1.3-py2.py3-none-any.whl", hash = "sha256:757aec31ad4488b949bc4f499d18e6e5973c40cc4d4fc607229e78cfaec94c34", size = 8425, upload-time = "2022-07-21T09:18:16.303Z" },
]

[[package]]
name = "idna"
version = "3.4"
source = { registry = "https://pypi.org/simple" }
sdist = { url = "https://files.pythonhosted.org/packages/8b/e1/43beb3d38dba6cb420cefa297822eac205a277ab43e5ba5d5c46faf96438/idna-3.4.tar.gz", hash = "sha256:814f528e8dead7d329833b91c5faa87d60bf71824cd12a7530b5526063d02cb4", size = 183077, upload-time = "2022-09-14T00:24:27.719Z" }
wheels = [
    { url = "https://files.pythonhosted.org/packages/fc/34/3030de6f1370931b9dbb4dad48f6ab1015ab1d32447850b9fc94e60097be/idna-3.4-py3-none-any.whl", hash = "sha256:90b77e79eaa3eba6de819a0c442c0b4ceefc341a7a2ab77d7562bf49f425c5c2", size = 61538, upload-time = "2022-09-14T00:24:23.22Z" },
]

[[package]]
name = "jaraco-classes"
version = "3.4.0"
source = { registry = "https://pypi.org/simple" }
dependencies = [
    { name = "more-itertools" },
]
sdist = { url = "https://files.pythonhosted.org/packages/06/c0/ed4a27bc5571b99e3cff68f8a9fa5b56ff7df1c2251cc715a652ddd26402/jaraco.classes-3.4.0.tar.gz", hash = "sha256:47a024b51d0239c0dd8c8540c6c7f484be3b8fcf0b2d85c13825780d3b3f3acd", size = 11780, upload-time = "2024-03-31T07:27:36.643Z" }
wheels = [
    { url = "https://files.pythonhosted.org/packages/7f/66/b15ce62552d84bbfcec9a4873ab79d993a1dd4edb922cbfccae192bd5b5f/jaraco.classes-3.4.0-py3-none-any.whl", hash = "sha256:f662826b6bed8cace05e7ff873ce0f9283b5c924470fe664fff1c2f00f581790", size = 6777, upload-time = "2024-03-31T07:27:34.792Z" },
]

[[package]]
name = "jaraco-context"
version = "6.1.0"
source = { registry = "https://pypi.org/simple" }
sdist = { url = "https://files.pythonhosted.org/packages/cb/9c/a788f5bb29c61e456b8ee52ce76dbdd32fd72cd73dd67bc95f42c7a8d13c/jaraco_context-6.1.0.tar.gz", hash = "sha256:129a341b0a85a7db7879e22acd66902fda67882db771754574338898b2d5d86f", size = 15850, upload-time = "2026-01-13T02:53:53.847Z" }
wheels = [
    { url = "https://files.pythonhosted.org/packages/8d/48/aa685dbf1024c7bd82bede569e3a85f82c32fd3d79ba5fea578f0159571a/jaraco_context-6.1.0-py3-none-any.whl", hash = "sha256:a43b5ed85815223d0d3cfdb6d7ca0d2bc8946f28f30b6f3216bda070f68badda", size = 7065, upload-time = "2026-01-13T02:53:53.031Z" },
]

[[package]]
name = "jaraco-functools"
version = "4.4.0"
source = { registry = "https://pypi.org/simple" }
dependencies = [
    { name = "more-itertools" },
]
sdist = { url = "https://files.pythonhosted.org/packages/0f/27/056e0638a86749374d6f57d0b0db39f29509cce9313cf91bdc0ac4d91084/jaraco_functools-4.4.0.tar.gz", hash = "sha256:da21933b0417b89515562656547a77b4931f98176eb173644c0d35032a33d6bb", size = 19943, upload-time = "2025-12-21T09:29:43.6Z" }
wheels = [
    { url = "https://files.pythonhosted.org/packages/fd/c4/813bb09f0985cb21e959f21f2464169eca882656849adf727ac7bb7e1767/jaraco_functools-4.4.0-py3-none-any.whl", hash = "sha256:9eec1e36f45c818d9bf307c8948eb03b2b56cd44087b3cdc989abca1f20b9176", size = 10481, upload-time = "2025-12-21T09:29:42.27Z" },
]

[[package]]
name = "jeepney"
version = "0.9.0"
source = { registry = "https://pypi.org/simple" }
sdist = { url = "https://files.pythonhosted.org/packages/7b/6f/357efd7602486741aa73ffc0617fb310a29b588ed0fd69c2399acbb85b0c/jeepney-0.9.0.tar.gz", hash = "sha256:cf0e9e845622b81e4a28df94c40345400256ec608d0e55bb8a3feaa9163f5732", size = 106758, upload-time = "2025-02-27T18:51:01.684Z" }
wheels = [
    { url = "https://files.pythonhosted.org/packages/b2/a3/e137168c9c44d18eff0376253da9f1e9234d0239e0ee230d2fee6cea8e55/jeepney-0.9.0-py3-none-any.whl", hash = "sha256:97e5714520c16fc0a45695e5365a2e11b81ea79bba796e26f9f1d178cb182683", size = 49010, upload-time = "2025-02-27T18:51:00.104Z" },
]

[[package]]
name = "keyring"
version = "25.7.0"
source = { registry = "https://pypi.org/simple" }
dependencies = [
    { name = "jaraco-classes" },
    { name = "jaraco-context" },
    { name = "jaraco-functools" },
    { name = "jeepney", marker = "sys_platform == 'linux'" },
    { name = "pywin32-ctypes", marker = "sys_platform == 'win32'" },
    { name = "secretstorage", marker = "sys_platform == 'linux'" },
]
sdist = { url = "https://files.pythonhosted.org/packages/43/4b/674af6ef2f97d56f0ab5153bf0bfa28ccb6c3ed4d1babf4305449668807b/keyring-25.7.0.tar.gz", hash = "sha256:fe01bd85eb3f8fb3dd0405defdeac9a5b4f6f0439edbb3149577f244a2e8245b", size = 63516, upload-time = "2025-11-16T16:26:09.482Z" }
wheels = [
    { url = "https://files.pythonhosted.org/packages/81/db/e655086b7f3a705df045bf0933bdd9c2f79bb3c97bfef1384598bb79a217/keyring-25.7.0-py3-none-any.whl", hash = "sha256:be4a0b195f149690c166e850609a477c532ddbfbaed96a404d4e43f8d5e2689f", size = 39160, upload-time = "2025-11-16T16:26:08.402Z" },
]

[[package]]
name = "more-itertools"
version = "10.8.0"
source = { registry = "https://pypi.org/simple" }
sdist = { url = "https://files.pythonhosted.org/packages/ea/5d/38b681d3fce7a266dd9ab73c66959406d565b3e85f21d5e66e1181d93721/more_itertools-10.8.0.tar.gz", hash = "sha256:f638ddf8a1a0d134181275fb5d58b086ead7c6a72429ad725c67503f13ba30bd", size = 137431, upload-time = "2025-09-02T15:23:11.018Z" }
wheels = [
    { url = "https://files.pythonhosted.org/packages/a4/8e/469e5a4a2f5855992e425f3cb33804cc07bf18d48f2db061aec61ce50270/more_itertools-10.8.0-py3-none-any.whl", hash = "sha256:52d4362373dcf7c52546bc4af9a86ee7c4579df9a8dc268be0a2f949d376cc9b", size = 69667, upload-time = "2025-09-02T15:23:09.635Z" },
]

[[package]]
name = "pycparser"
version = "2.23"
source = { registry = "https://pypi.org/simple" }
sdist = { url = "https://files.pythonhosted.org/packages/fe/cf/d2d3b9f5699fb1e4615c8e32ff220203e43b248e1dfcc6736ad9057731ca/pycparser-2.23.tar.gz", hash = "sha256:78816d4f24add8f10a06d6f05b4d424ad9e96cfebf68a4ddc99c65c0720d00c2", size = 173734, upload-time = "2025-09-09T13:23:47.91Z" }
wheels = [
    { url = "https://files.pythonhosted.org/packages/a0/e3/59cd50310fc9b59512193629e1984c1f95e5c8ae6e5d8c69532ccc65a7fe/pycparser-2.23-py3-none-any.whl", hash = "sha256:e5c6e8d3fbad53479cab09ac03729e0a9faf2bee3db8208a550daf5af81a5934", size = 118140, upload-time = "2025-09-09T13:23:46.651Z" },
]

[[package]]
name = "pycryptodomex"
version = "3.15.0"
source = { registry = "https://pypi.org/simple" }
sdist = { url = "https://files.pythonhosted.org/packages/52/0d/6cc95a83f6961a1ca041798d222240890af79b381e97eda3b9b538dba16f/pycryptodomex-3.15.0.tar.gz", hash = "sha256:7341f1bb2dadb0d1a0047f34c3a58208a92423cdbd3244d998e4b28df5eac0ed", size = 4547479, upload-time = "2022-06-22T22:03:14.272Z" }
wheels = [
    { url = "https://files.pythonhosted.org/packages/e5/3f/4e92e56ee0eefaedbb1bc4e85848b3fbbfed34f929a88e39088b2052ce1f/pycryptodomex-3.15.0-cp35-abi3-macosx_10_9_x86_64.whl", hash = "sha256:e2b12968522a0358b8917fc7b28865acac002f02f4c4c6020fcb264d76bfd06d", size = 1561444, upload-time = "2022-06-22T22:02:11.928Z" },
    { url = "https://files.pythonhosted.org/packages/84/79/133a093929b2ce20a4192075862c37dab579bfa9cb9383e6c2b9fd76a0a9/pycryptodomex-3.15.0-cp35-abi3-manylinux1_i686.whl", hash = "sha256:e47bf8776a7e15576887f04314f5228c6527b99946e6638cf2f16da56d260cab", size = 2472390, upload-time = "2022-06-22T22:02:16.317Z" },
    { url = "https://files.pythonhosted.org/packages/89/d2/1666f32e1ab5c2716447821800ecb39764d00453fddb23d45fee4d422bde/pycryptodomex-3.15.0-cp35-abi3-manylinux1_x86_64.whl", hash = "sha256:996e1ba717077ce1e6d4849af7a1426f38b07b3d173b879e27d5e26d2e958beb", size = 2306494, upload-time = "2022-06-22T22:02:21.475Z" },
    { url = "https://files.pythonhosted.org/packages/89/71/bd68f1c0654ee9c82a841feb41b8e05328ff4c154eeae98508e51d163256/pycryptodomex-3.15.0-cp35-abi3-manylinux2010_i686.whl", hash = "sha256:65204412d0c6a8e3c41e21e93a5e6054a74fea501afa03046a388cf042e3377a", size = 2472394, upload-time = "2022-06-22T22:02:25.618Z" },
    { url = "https://files.pythonhosted.org/packages/38/2b/605520ea5a63075517a747c19409bf1dc4d3b34fe41b52339c066357515b/pycryptodomex-3.15.0-cp35-abi3-manylinux2010_x86_64.whl", hash = "sha256:dd452a5af7014e866206d41751886c9b4bf379a339fdf2dbfc7dd16c0fb4f8e0", size = 2306497, upload-time = "2022-06-22T22:02:30.222Z" },
    { url = "https://files.pythonhosted.org/packages/ce/1c/0f93364b744f75770ac4d928413f89a9978ab96cfe6416d84c808e754c40/pycryptodomex-3.15.0-cp35-abi3-manylinux2014_aarch64.whl", hash = "sha256:b9279adc16e4b0f590ceff581f53a80179b02cba9056010d733eb4196134a870", size = 1593058, upload-time = "2022-06-22T22:02:33.378Z" },
    { url = "https://files.pythonhosted.org/packages/8a/c8/2fa65115759682e9505752e188a038d5cb4ea2f88ff4dba85ca0bfcc21f3/pycryptodomex-3.15.0-cp35-abi3-musllinux_1_1_aarch64.whl", hash = "sha256:04a5d6a17560e987272fc1763e9772a87689a08427b8cbdebe3ca7cba95d6156", size = 2035830, upload-time = "2022-11-24T13:11:50.091Z" },
    { url = "https://files.pythonhosted.org/packages/85/c9/d465977afb008f0721e63fdf9a0e8e37bf6f188dc3c787b6ec9568621a48/pycryptodomex-3.15.0-cp35-abi3-win32.whl", hash = "sha256:46b3f05f2f7ac7841053da4e0f69616929ca3c42f238c405f6c3df7759ad2780", size = 1880928, upload-time = "2022-06-22T22:02:37.82Z" },
    { url = "https://files.pythonhosted.org/packages/11/db/a5b22c87cad78b665095fe4c580ebb3e003fe388ce57232aedb92f9a263d/pycryptodomex-3.15.0-cp35-abi3-win_amd64.whl", hash = "sha256:8eecdf9cdc7343001d047f951b9cc805cd68cb6cd77b20ea46af5bffc5bd3dfb", size = 1945063, upload-time = "2022-06-22T22:02:41.316Z" },
]

[[package]]
name = "pygments"
version = "2.13.0"
source = { registry = "https://pypi.org/simple" }
sdist = { url = "https://files.pythonhosted.org/packages/e0/ef/5905cd3642f2337d44143529c941cc3a02e5af16f0f65f81cbef7af452bb/Pygments-2.13.0.tar.gz", hash = "sha256:56a8508ae95f98e2b9bdf93a6be5ae3f7d8af858b43e02c5a2ff083726be40c1", size = 4324285, upload-time = "2022-08-15T16:03:23.698Z" }
wheels = [
    { url = "https://files.pythonhosted.org/packages/4f/82/672cd382e5b39ab1cd422a672382f08a1fb3d08d9e0c0f3707f33a52063b/Pygments-2.13.0-py3-none-any.whl", hash = "sha256:f643f331ab57ba3c9d89212ee4a2dabc6e94f117cf4eefde99a0574720d14c42", size = 1098748, upload-time = "2022-08-15T16:03:20.04Z" },
]

[[package]]
name = "python-decouple"
version = "3.6"
source = { registry = "https://pypi.org/simple" }
sdist = { url = "https://files.pythonhosted.org/packages/ad/90/b49583e8dfb94c3b699070701ae6a8415de6c0445c1df9c11f912e051316/python-decouple-3.6.tar.gz", hash = "sha256:2838cdf77a5cf127d7e8b339ce14c25bceb3af3e674e039d4901ba16359968c7", size = 9547, upload-time = "2022-02-02T19:25:31.789Z" }
wheels = [
    { url = "https://files.pythonhosted.org/packages/3a/20/c1b1533a02946c728f7b6e1d45ed3216c5eef4c8e8777d0db06e361f11e4/python_decouple-3.6-py3-none-any.whl", hash = "sha256:6cf502dc963a5c642ea5ead069847df3d916a6420cad5599185de6bab11d8c2e", size = 9881, upload-time = "2022-02-02T19:25:29.85Z" },
]

[[package]]
name = "pywin32-ctypes"
version = "0.2.3"
source = { registry = "https://pypi.org/simple" }
sdist = { url = "https://files.pythonhosted.org/packages/85/9f/01a1a99704853cb63f253eea009390c88e7131c67e66a0a02099a8c917cb/pywin32-ctypes-0.2.3.tar.gz", hash = "sha256:d162dc04946d704503b2edc4d55f3dba5c1d539ead017afa00142c38b9885755", size = 29471, upload-time = "2024-08-14T10:15:34.626Z" }
wheels = [
    { url = "https://files.pythonhosted.org/packages/de/3d/8161f7711c017e01ac9f008dfddd9410dff3674334c233bde66e7ba65bbf/pywin32_ctypes-0.2.3-py3-none-any.whl", hash = "sha256:8a1513379d709975552d202d942d9837758905c8d01eb82b8bcc30918929e7b8", size = 30756, upload-time = "2024-08-14T10:15:33.187Z" },
]

[[package]]
name = "requests"
version = "2.28.1"
source = { registry = "https://pypi.org/simple" }
dependencies = [
    { name = "certifi" },
    { name = "charset-normalizer" },
    { name = "idna" },
    { name = "urllib3" },
]
sdist = { url = "https://files.pythonhosted.org/packages/a5/61/a867851fd5ab77277495a8709ddda0861b28163c4613b011bc00228cc724/requests-2.28.1.tar.gz", hash = "sha256:7c5599b102feddaa661c826c56ab4fee28bfd17f5abca1ebbe3e7f19d7c97983", size = 109805, upload-time = "2022-06-29T15:13:42.715Z" }
wheels = [
    { url = "https://files.pythonhosted.org/packages/ca/91/6d9b8ccacd0412c08820f72cebaa4f0c0441b5cda699c90f618b6f8a1b42/requests-2.28.1-py3-none-any.whl", hash = "sha256:8fefa2a1a1365bf5520aac41836fbee479da67864514bdb821f31ce07ce65349", size = 62843, upload-time = "2022-06-29T15:13:40.685Z" },
]

[[package]]
name = "secretstorage"
version = "3.5.0"
source = { registry = "https://pypi.org/simple" }
dependencies = [
    { name = "cryptography" },
    { name = "jeepney" },
]
sdist = { url = "https://files.pythonhosted.org/packages/1c/03/e834bcd866f2f8a49a85eaff47340affa3bfa391ee9912a952a1faa68c7b/secretstorage-3.5.0.tar.gz", hash = "sha256:f04b8e4689cbce351744d5537bf6b1329c6fc68f91fa666f60a380edddcd11be", size = 19884, upload-time = "2025-11-23T19:02:53.191Z" }
wheels = [
    { url = "https://files.pythonhosted.org/packages/b7/46/f5af3402b579fd5e11573ce652019a67074317e18c1935cc0b4ba9b35552/secretstorage-3.5.0-py3-none-any.whl", hash = "sha256:0ce65888c0725fcb2c5bc0fdb8e5438eece02c523557ea40ce0703c266248137", size = 15554, upload-time = "2025-11-23T19:02:51.545Z" },
]

[[package]]
name = "six"
version = "1.16.0"
source = { registry = "https://pypi.org/simple" }
sdist = { url = "https://files.pythonhosted.org/packages/71/39/171f1c67cd00715f190ba0b100d606d440a28c93c7714febeca8b79af85e/six-1.16.0.tar.gz", hash = "sha256:1e61c37477a1626458e36f7b1d82aa5c9b094fa4802892072e49de9c60c4c926", size = 34041, upload-time = "2021-05-05T14:18:18.379Z" }
wheels = [
    { url = "https://files.pythonhosted.org/packages/d9/5a/e7c31adbe875f2abbb91bd84cf2dc52d792b5a01506781dbcf25c91daf11/six-1.16.0-py2.py3-none-any.whl", hash = "sha256:8abb2f1d86890a2dfb989f9a77cfcfd3e47c2a354b01111771326f8aa26e0254", size = 11053, upload-time = "2021-05-05T14:18:17.237Z" },
]

[[package]]
name = "urllib3"
version = "1.26.12"
source = { registry = "https://pypi.org/simple" }
sdist = { url = "https://files.pythonhosted.org/packages/b2/56/d87d6d3c4121c0bcec116919350ca05dc3afd2eeb7dc88d07e8083f8ea94/urllib3-1.26.12.tar.gz", hash = "sha256:3fa96cf423e6987997fc326ae8df396db2a8b7c667747d47ddd8ecba91f4a74e", size = 299806, upload-time = "2022-08-22T13:27:23.256Z" }
wheels = [
    { url = "https://files.pythonhosted.org/packages/6f/de/5be2e3eed8426f871b170663333a0f627fc2924cc386cd41be065e7ea870/urllib3-1.26.12-py2.py3-none-any.whl", hash = "sha256:b930dd878d5a8afb066a637fbb35144fe7901e3b209d1cd4f524bd0e9deee997", size = 140381, upload-time = "2022-08-22T13:27:19.719Z" },
]
